
Microsoft Visual Studio Solution File, Format Version 12.00
# Visual Studio Version 16
VisualStudioVersion = 25.0.1703.1
MinimumVisualStudioVersion = 10.0.40219.1
Project("{FAE04EC0-301F-11D3-BF4B-00C04F79EFBC}") = "NDEF.MAUI", "NDEF\NDEF.MAUI\NDEF.MAUI.csproj", "{8C3A8CD8-2C3B-4DEE-972E-147A4A1A39CF}"
EndProject
Global
	GlobalSection(SolutionConfigurationPlatforms) = preSolution
		Debug|Any CPU = Debug|Any CPU
		Release|Any CPU = Release|Any CPU
		Debug|iPhoneSimulator = Debug|iPhoneSimulator
		Release|iPhoneSimulator = Release|iPhoneSimulator
		Debug|iPhone = Debug|iPhone
		Release|iPhone = Release|iPhone
	EndGlobalSection
	GlobalSection(ProjectConfigurationPlatforms) = postSolution
		{8C3A8CD8-2C3B-4DEE-972E-147A4A1A39CF}.Debug|Any CPU.ActiveCfg = Debug|Any CPU
		{8C3A8CD8-2C3B-4DEE-972E-147A4A1A39CF}.Debug|Any CPU.Build.0 = Debug|Any CPU
		{8C3A8CD8-2C3B-4DEE-972E-147A4A1A39CF}.Release|Any CPU.ActiveCfg = Release|Any CPU
		{8C3A8CD8-2C3B-4DEE-972E-147A4A1A39CF}.Release|Any CPU.Build.0 = Release|Any CPU
		{8C3A8CD8-2C3B-4DEE-972E-147A4A1A39CF}.Debug|iPhoneSimulator.ActiveCfg = Debug|Any CPU
		{8C3A8CD8-2C3B-4DEE-972E-147A4A1A39CF}.Debug|iPhoneSimulator.Build.0 = Debug|Any CPU
		{8C3A8CD8-2C3B-4DEE-972E-147A4A1A39CF}.Release|iPhoneSimulator.ActiveCfg = Release|Any CPU
		{8C3A8CD8-2C3B-4DEE-972E-147A4A1A39CF}.Release|iPhoneSimulator.Build.0 = Release|Any CPU
		{8C3A8CD8-2C3B-4DEE-972E-147A4A1A39CF}.Debug|iPhone.ActiveCfg = Debug|Any CPU
		{8C3A8CD8-2C3B-4DEE-972E-147A4A1A39CF}.Debug|iPhone.Build.0 = Debug|Any CPU
		{8C3A8CD8-2C3B-4DEE-972E-147A4A1A39CF}.Release|iPhone.ActiveCfg = Release|Any CPU
		{8C3A8CD8-2C3B-4DEE-972E-147A4A1A39CF}.Release|iPhone.Build.0 = Release|Any CPU
	EndGlobalSection
	GlobalSection(SolutionProperties) = preSolution
		HideSolutionNode = FALSE
	EndGlobalSection
	GlobalSection(ExtensibilityGlobals) = postSolution
		SolutionGuid = {F9F6066A-F5EB-4690-8BD4-9885B2632B30}
	EndGlobalSection
EndGlobal
